{
  "nodes": {
    "igloo_driver": {
      "flake": false,
      "locked": {
        "lastModified": 1786551192,
        "narHash": "sha256-zeOP0nQEb/uns46MizbcX3DpS4or4EM8XuOmRRIPbo4=",
        "owner": "rehosting",
        "repo": "igloo_driver",
        "rev": "243c889e2b3360b16e5b12d6a20b0c5c0766dd07",
        "type": "github"
      },
      "original": {
        "owner": "rehosting",
        "repo": "igloo_driver",
        "type": "github"
      }
    },
    "kernelsmith": {
      "inputs": {
        "musl-cross-make": "musl-cross-make",
        "nixpkgs": "nixpkgs"
      },
      "locked": {
        "lastModified": 1786743798,
        "narHash": "sha256-M7F4Eu1ws3WKR34KxBm1CHdwARha7i5QCd0lKjxrs7w=",
        "owner": "rehosting",
        "repo": "kernelsmith",
        "rev": "a6b66282cccfcfa610a9c8d7d9fff5bb20906dfa",
        "type": "github"
      },
      "original": {
        "owner": "rehosting",
        "repo": "kernelsmith",
        "type": "github"
      }
    },
    "musl-cross-make": {
      "flake": false,
      "locked": {
        "lastModified": 1781646546,
        "narHash": "sha256-ZGkLvkred/sDa2Mw2/1N+Nh8bvUyujxxOLTZDfd2qN4=",
        "owner": "richfelker",
        "repo": "musl-cross-make",
        "rev": "227df8b99103f9c59f6570babf892978e293082f",
        "type": "github"
      },
      "original": {
        "owner": "richfelker",
        "repo": "musl-cross-make",
        "type": "github"
      }
    },
    "nixpkgs": {
      "locked": {
        "lastModified": 1735563628,
        "narHash": "sha256-OnSAY7XDSx7CtDoqNh8jwVwh4xNL/2HaJxGjryLWzX8=",
        "owner": "NixOS",
        "repo": "nixpkgs",
        "rev": "b134951a4c9f3c995fd7be05f3243f8ecd65d798",
        "type": "github"
      },
      "original": {
        "owner": "NixOS",
        "ref": "nixos-24.05",
        "repo": "nixpkgs",
        "type": "github"
      }
    },
    "nixpkgs-qemu": {
      "locked": {
        "lastModified": 1767313136,
        "narHash": "sha256-16KkgfdYqjaeRGBaYsNrhPRRENs0qzkQVUooNHtoy2w=",
        "owner": "NixOS",
        "repo": "nixpkgs",
        "rev": "ac62194c3917d5f474c1a844b6fd6da2db95077d",
        "type": "github"
      },
      "original": {
        "owner": "NixOS",
        "ref": "nixos-25.05",
        "repo": "nixpkgs",
        "type": "github"
      }
    },
    "root": {
      "inputs": {
        "igloo_driver": "igloo_driver",
        "kernelsmith": "kernelsmith",
        "nixpkgs": [
          "kernelsmith",
          "nixpkgs"
        ],
        "nixpkgs-qemu": "nixpkgs-qemu"
      }
    }
  },
  "root": "root",
  "version": 7
}
